// !$*UTF8*$!
{
	archiveVersion = 1;
	classes = {
	};
	objectVersion = 56;
	objects = {

/* Begin PBXBuildFile section */
		BC3D59552C53B9B8006808DE /* MemoryLeak_investigationApp.swift in Sources */ = {isa = PBXBuildFile; fileRef = BC3D59542C53B9B8006808DE /* MemoryLeak_investigationApp.swift */; };
		BC3D59572C53B9B9006808DE /* ContentView.swift in Sources */ = {isa = PBXBuildFile; fileRef = BC3D59562C53B9B9006808DE /* ContentView.swift */; };
		BC3D59592C53B9BB006808DE /* Assets.xcassets in Resources */ = {isa = PBXBuildFile; fileRef = BC3D59582C53B9BB006808DE /* Assets.xcassets */; };
		BC3D595C2C53B9BB006808DE /* Preview Assets.xcassets in Resources */ = {isa = PBXBuildFile; fileRef = BC3D595B2C53B9BB006808DE /* Preview Assets.xcassets */; };
		BCAE30ED2C53BC5D00EDDE3B /* HaishinKit in Frameworks */ = {isa = PBXBuildFile; productRef = BCAE30EC2C53BC5D00EDDE3B /* HaishinKit */; };
		BCAE30EF2C53BC5D00EDDE3B /* SRTHaishinKit in Frameworks */ = {isa = PBXBuildFile; productRef = BCAE30EE2C53BC5D00EDDE3B /* SRTHaishinKit */; };
		BCAE30F12C53BC9E00EDDE3B /* MTHKSwiftUIView.swift in Sources */ = {isa = PBXBuildFile; fileRef = BCAE30F02C53BC9E00EDDE3B /* MTHKSwiftUIView.swift */; };
		BCAE30F32C53C10D00EDDE3B /* ViewModel.swift in Sources */ = {isa = PBXBuildFile; fileRef = BCAE30F22C53C10D00EDDE3B /* ViewModel.swift */; };
/* End PBXBuildFile section */

/* Begin PBXFileReference section */
		BC3D59512C53B9B8006808DE /* MemoryLeak-investigation.app */ = {isa = PBXFileReference; explicitFileType = wrapper.application; includeInIndex = 0; path = "MemoryLeak-investigation.app"; sourceTree = BUILT_PRODUCTS_DIR; };
		BC3D59542C53B9B8006808DE /* MemoryLeak_investigationApp.swift */ = {isa = PBXFileReference; lastKnownFileType = sourcecode.swift; path = MemoryLeak_investigationApp.swift; sourceTree = "<group>"; };
		BC3D59562C53B9B9006808DE /* ContentView.swift */ = {isa = PBXFileReference; lastKnownFileType = sourcecode.swift; path = ContentView.swift; sourceTree = "<group>"; };
		BC3D59582C53B9BB006808DE /* Assets.xcassets */ = {isa = PBXFileReference; lastKnownFileType = folder.assetcatalog; path = Assets.xcassets; sourceTree = "<group>"; };
		BC3D595B2C53B9BB006808DE /* Preview Assets.xcassets */ = {isa = PBXFileReference; lastKnownFileType = folder.assetcatalog; path = "Preview Assets.xcassets"; sourceTree = "<group>"; };
		BCAE30F02C53BC9E00EDDE3B /* MTHKSwiftUIView.swift */ = {isa = PBXFileReference; lastKnownFileType = sourcecode.swift; path = MTHKSwiftUIView.swift; sourceTree = "<group>"; };
		BCAE30F22C53C10D00EDDE3B /* ViewModel.swift */ = {isa = PBXFileReference; lastKnownFileType = sourcecode.swift; path = ViewModel.swift; sourceTree = "<group>"; };
/* End PBXFileReference section */

/* Begin PBXFrameworksBuildPhase section */
		BC3D594E2C53B9B8006808DE /* Frameworks */ = {
			isa = PBXFrameworksBuildPhase;
			buildActionMask = 2147483647;
			files = (
				BCAE30EF2C53BC5D00EDDE3B /* SRTHaishinKit in Frameworks */,
				BCAE30ED2C53BC5D00EDDE3B /* HaishinKit in Frameworks */,
			);
			runOnlyForDeploymentPostprocessing = 0;
		};
/* End PBXFrameworksBuildPhase section */

/* Begin PBXGroup section */
		BC3D59482C53B9B8006808DE = {
			isa = PBXGroup;
			children = (
				BC3D59532C53B9B8006808DE /* MemoryLeak-investigation */,
				BC3D59522C53B9B8006808DE /* Products */,
			);
			sourceTree = "<group>";
		};
		BC3D59522C53B9B8006808DE /* Products */ = {
			isa = PBXGroup;
			children = (
				BC3D59512C53B9B8006808DE /* MemoryLeak-investigation.app */,
			);
			name = Products;
			sourceTree = "<group>";
		};
		BC3D59532C53B9B8006808DE /* MemoryLeak-investigation */ = {
			isa = PBXGroup;
			children = (
				BC3D59542C53B9B8006808DE /* MemoryLeak_investigationApp.swift */,
				BCAE30F02C53BC9E00EDDE3B /* MTHKSwiftUIView.swift */,
				BCAE30F22C53C10D00EDDE3B /* ViewModel.swift */,
				BC3D59562C53B9B9006808DE /* ContentView.swift */,
				BC3D59582C53B9BB006808DE /* Assets.xcassets */,
				BC3D595A2C53B9BB006808DE /* Preview Content */,
			);
			path = "MemoryLeak-investigation";
			sourceTree = "<group>";
		};
		BC3D595A2C53B9BB006808DE /* Preview Content */ = {
			isa = PBXGroup;
			children = (
				BC3D595B2C53B9BB006808DE /* Preview Assets.xcassets */,
			);
			path = "Preview Content";
			sourceTree = "<group>";
		};
/* End PBXGroup section */

/* Begin PBXNativeTarget section */
		BC3D59502C53B9B8006808DE /* MemoryLeak-investigation */ = {
			isa = PBXNativeTarget;
			buildConfigurationList = BC3D595F2C53B9BB006808DE /* Build configuration list for PBXNativeTarget "MemoryLeak-investigation" */;
			buildPhases = (
				BC3D594D2C53B9B8006808DE /* Sources */,
				BC3D594E2C53B9B8006808DE /* Frameworks */,
				BC3D594F2C53B9B8006808DE /* Resources */,
			);
			buildRules = (
			);
			dependencies = (
			);
			name = "MemoryLeak-investigation";
			packageProductDependencies = (
				BCAE30EC2C53BC5D00EDDE3B /* HaishinKit */,
				BCAE30EE2C53BC5D00EDDE3B /* SRTHaishinKit */,
			);
			productName = "MemoryLeak-investigation";
			productReference = BC3D59512C53B9B8006808DE /* MemoryLeak-investigation.app */;
			productType = "com.apple.product-type.application";
		};
/* End PBXNativeTarget section */

/* Begin PBXProject section */
		BC3D59492C53B9B8006808DE /* Project object */ = {
			isa = PBXProject;
			attributes = {
				BuildIndependentTargetsInParallel = 1;
				LastSwiftUpdateCheck = 1540;
				LastUpgradeCheck = 1540;
				TargetAttributes = {
					BC3D59502C53B9B8006808DE = {
						CreatedOnToolsVersion = 15.4;
					};
				};
			};
			buildConfigurationList = BC3D594C2C53B9B8006808DE /* Build configuration list for PBXProject "MemoryLeak-investigation" */;
			compatibilityVersion = "Xcode 14.0";
			developmentRegion = en;
			hasScannedForEncodings = 0;
			knownRegions = (
				en,
				Base,
			);
			mainGroup = BC3D59482C53B9B8006808DE;
			packageReferences = (
				BCAE30EB2C53BC5D00EDDE3B /* XCRemoteSwiftPackageReference "HaishinKit" */,
			);
			productRefGroup = BC3D59522C53B9B8006808DE /* Products */;
			projectDirPath = "";
			projectRoot = "";
			targets = (
				BC3D59502C53B9B8006808DE /* MemoryLeak-investigation */,
			);
		};
/* End PBXProject section */

/* Begin PBXResourcesBuildPhase section */
		BC3D594F2C53B9B8006808DE /* Resources */ = {
			isa = PBXResourcesBuildPhase;
			buildActionMask = 2147483647;
			files = (
				BC3D595C2C53B9BB006808DE /* Preview Assets.xcassets in Resources */,
				BC3D59592C53B9BB006808DE /* Assets.xcassets in Resources */,
			);
			runOnlyForDeploymentPostprocessing = 0;
		};
/* End PBXResourcesBuildPhase section */

/* Begin PBXSourcesBuildPhase section */
		BC3D594D2C53B9B8006808DE /* Sources */ = {
			isa = PBXSourcesBuildPhase;
			buildActionMask = 2147483647;
			files = (
				BCAE30F12C53BC9E00EDDE3B /* MTHKSwiftUIView.swift in Sources */,
				BC3D59572C53B9B9006808DE /* ContentView.swift in Sources */,
				BCAE30F32C53C10D00EDDE3B /* ViewModel.swift in Sources */,
				BC3D59552C53B9B8006808DE /* MemoryLeak_investigationApp.swift in Sources */,
			);
			runOnlyForDeploymentPostprocessing = 0;
		};
/* End PBXSourcesBuildPhase section */

/* Begin XCBuildConfiguration section */
		BC3D595D2C53B9BB006808DE /* Debug */ = {
			isa = XCBuildConfiguration;
			buildSettings = {
				ALWAYS_SEARCH_USER_PATHS = NO;
				ASSETCATALOG_COMPILER_GENERATE_SWIFT_ASSET_SYMBOL_EXTENSIONS = YES;
				CLANG_ANALYZER_NONNULL = YES;
				CLANG_ANALYZER_NUMBER_OBJECT_CONVERSION = YES_AGGRESSIVE;
				CLANG_CXX_LANGUAGE_STANDARD = "gnu++20";
				CLANG_ENABLE_MODULES = YES;
				CLANG_ENABLE_OBJC_ARC = YES;
				CLANG_ENABLE_OBJC_WEAK = YES;
				CLANG_WARN_BLOCK_CAPTURE_AUTORELEASING = YES;
				CLANG_WARN_BOOL_CONVERSION = YES;
				CLANG_WARN_COMMA = YES;
				CLANG_WARN_CONSTANT_CONVERSION = YES;
				CLANG_WARN_DEPRECATED_OBJC_IMPLEMENTATIONS = YES;
				CLANG_WARN_DIRECT_OBJC_ISA_USAGE = YES_ERROR;
				CLANG_WARN_DOCUMENTATION_COMMENTS = YES;
				CLANG_WARN_EMPTY_BODY = YES;
				CLANG_WARN_ENUM_CONVERSION = YES;
				CLANG_WARN_INFINITE_RECURSION = YES;
				CLANG_WARN_INT_CONVERSION = YES;
				CLANG_WARN_NON_LITERAL_NULL_CONVERSION = YES;
				CLANG_WARN_OBJC_IMPLICIT_RETAIN_SELF = YES;
				CLANG_WARN_OBJC_LITERAL_CONVERSION = YES;
				CLANG_WARN_OBJC_ROOT_CLASS = YES_ERROR;
				CLANG_WARN_QUOTED_INCLUDE_IN_FRAMEWORK_HEADER = YES;
				CLANG_WARN_RANGE_LOOP_ANALYSIS = YES;
				CLANG_WARN_STRICT_PROTOTYPES = YES;
				CLANG_WARN_SUSPICIOUS_MOVE = YES;
				CLANG_WARN_UNGUARDED_AVAILABILITY = YES_AGGRESSIVE;
				CLANG_WARN_UNREACHABLE_CODE = YES;
				CLANG_WARN__DUPLICATE_METHOD_MATCH = YES;
				COPY_PHASE_STRIP = NO;
				DEBUG_INFORMATION_FORMAT = dwarf;
				ENABLE_STRICT_OBJC_MSGSEND = YES;
				ENABLE_TESTABILITY = YES;
				ENABLE_USER_SCRIPT_SANDBOXING = YES;
				GCC_C_LANGUAGE_STANDARD = gnu17;
				GCC_DYNAMIC_NO_PIC = NO;
				GCC_NO_COMMON_BLOCKS = YES;
				GCC_OPTIMIZATION_LEVEL = 0;
				GCC_PREPROCESSOR_DEFINITIONS = (
					"DEBUG=1",
					"$(inherited)",
				);
				GCC_WARN_64_TO_32_BIT_CONVERSION = YES;
				GCC_WARN_ABOUT_RETURN_TYPE = YES_ERROR;
				GCC_WARN_UNDECLARED_SELECTOR = YES;
				GCC_WARN_UNINITIALIZED_AUTOS = YES_AGGRESSIVE;
				GCC_WARN_UNUSED_FUNCTION = YES;
				GCC_WARN_UNUSED_VARIABLE = YES;
				IPHONEOS_DEPLOYMENT_TARGET = 16.0;
				LOCALIZATION_PREFERS_STRING_CATALOGS = YES;
				MTL_ENABLE_DEBUG_INFO = INCLUDE_SOURCE;
				MTL_FAST_MATH = YES;
				ONLY_ACTIVE_ARCH = YES;
				SDKROOT = iphoneos;
				SWIFT_ACTIVE_COMPILATION_CONDITIONS = "DEBUG $(inherited)";
				SWIFT_OPTIMIZATION_LEVEL = "-Onone";
			};
			name = Debug;
		};
		BC3D595E2C53B9BB006808DE /* Release */ = {
			isa = XCBuildConfiguration;
			buildSettings = {
				ALWAYS_SEARCH_USER_PATHS = NO;
				ASSETCATALOG_COMPILER_GENERATE_SWIFT_ASSET_SYMBOL_EXTENSIONS = YES;
				CLANG_ANALYZER_NONNULL = YES;
				CLANG_ANALYZER_NUMBER_OBJECT_CONVERSION = YES_AGGRESSIVE;
				CLANG_CXX_LANGUAGE_STANDARD = "gnu++20";
				CLANG_ENABLE_MODULES = YES;
				CLANG_ENABLE_OBJC_ARC = YES;
				CLANG_ENABLE_OBJC_WEAK = YES;
				CLANG_WARN_BLOCK_CAPTURE_AUTORELEASING = YES;
				CLANG_WARN_BOOL_CONVERSION = YES;
				CLANG_WARN_COMMA = YES;
				CLANG_WARN_CONSTANT_CONVERSION = YES;
				CLANG_WARN_DEPRECATED_OBJC_IMPLEMENTATIONS = YES;
				CLANG_WARN_DIRECT_OBJC_ISA_USAGE = YES_ERROR;
				CLANG_WARN_DOCUMENTATION_COMMENTS = YES;
				CLANG_WARN_EMPTY_BODY = YES;
				CLANG_WARN_ENUM_CONVERSION = YES;
				CLANG_WARN_INFINITE_RECURSION = YES;
				CLANG_WARN_INT_CONVERSION = YES;
				CLANG_WARN_NON_LITERAL_NULL_CONVERSION = YES;
				CLANG_WARN_OBJC_IMPLICIT_RETAIN_SELF = YES;
				CLANG_WARN_OBJC_LITERAL_CONVERSION = YES;
				CLANG_WARN_OBJC_ROOT_CLASS = YES_ERROR;
				CLANG_WARN_QUOTED_INCLUDE_IN_FRAMEWORK_HEADER = YES;
				CLANG_WARN_RANGE_LOOP_ANALYSIS = YES;
				CLANG_WARN_STRICT_PROTOTYPES = YES;
				CLANG_WARN_SUSPICIOUS_MOVE = YES;
				CLANG_WARN_UNGUARDED_AVAILABILITY = YES_AGGRESSIVE;
				CLANG_WARN_UNREACHABLE_CODE = YES;
				CLANG_WARN__DUPLICATE_METHOD_MATCH = YES;
				COPY_PHASE_STRIP = NO;
				DEBUG_INFORMATION_FORMAT = "dwarf-with-dsym";
				ENABLE_NS_ASSERTIONS = NO;
				ENABLE_STRICT_OBJC_MSGSEND = YES;
				ENABLE_USER_SCRIPT_SANDBOXING = YES;
				GCC_C_LANGUAGE_STANDARD = gnu17;
				GCC_NO_COMMON_BLOCKS = YES;
				GCC_WARN_64_TO_32_BIT_CONVERSION = YES;
				GCC_WARN_ABOUT_RETURN_TYPE = YES_ERROR;
				GCC_WARN_UNDECLARED_SELECTOR = YES;
				GCC_WARN_UNINITIALIZED_AUTOS = YES_AGGRESSIVE;
				GCC_WARN_UNUSED_FUNCTION = YES;
				GCC_WARN_UNUSED_VARIABLE = YES;
				IPHONEOS_DEPLOYMENT_TARGET = 16.0;
				LOCALIZATION_PREFERS_STRING_CATALOGS = YES;
				MTL_ENABLE_DEBUG_INFO = NO;
				MTL_FAST_MATH = YES;
				SDKROOT = iphoneos;
				SWIFT_COMPILATION_MODE = wholemodule;
				VALIDATE_PRODUCT = YES;
			};
			name = Release;
		};
		BC3D59602C53B9BB006808DE /* Debug */ = {
			isa = XCBuildConfiguration;
			buildSettings = {
				ASSETCATALOG_COMPILER_APPICON_NAME = AppIcon;
				ASSETCATALOG_COMPILER_GLOBAL_ACCENT_COLOR_NAME = AccentColor;
				CODE_SIGN_STYLE = Automatic;
				CURRENT_PROJECT_VERSION = 1;
				DEVELOPMENT_ASSET_PATHS = "\"MemoryLeak-investigation/Preview Content\"";
				DEVELOPMENT_TEAM = SUEQ2SZ2L5;
				ENABLE_PREVIEWS = YES;
				GENERATE_INFOPLIST_FILE = YES;
				INFOPLIST_KEY_NSCameraUsageDescription = TEST;
				INFOPLIST_KEY_NSMicrophoneUsageDescription = TEST;
				INFOPLIST_KEY_UIApplicationSceneManifest_Generation = YES;
				INFOPLIST_KEY_UIApplicationSupportsIndirectInputEvents = YES;
				INFOPLIST_KEY_UILaunchScreen_Generation = YES;
				INFOPLIST_KEY_UISupportedInterfaceOrientations_iPad = "UIInterfaceOrientationPortrait UIInterfaceOrientationPortraitUpsideDown UIInterfaceOrientationLandscapeLeft UIInterfaceOrientationLandscapeRight";
				INFOPLIST_KEY_UISupportedInterfaceOrientations_iPhone = "UIInterfaceOrientationPortrait UIInterfaceOrientationLandscapeLeft UIInterfaceOrientationLandscapeRight";
				IPHONEOS_DEPLOYMENT_TARGET = 16.0;
				LD_RUNPATH_SEARCH_PATHS = (
					"$(inherited)",
					"@executable_path/Frameworks",
				);
				MARKETING_VERSION = 1.0;
				PRODUCT_BUNDLE_IDENTIFIER = "com.haishinkit.MemoryLeak-investigation";
				PRODUCT_NAME = "$(TARGET_NAME)";
				SWIFT_EMIT_LOC_STRINGS = YES;
				SWIFT_VERSION = 5.0;
				TARGETED_DEVICE_FAMILY = "1,2";
			};
			name = Debug;
		};
		BC3D59612C53B9BB006808DE /* Release */ = {
			isa = XCBuildConfiguration;
			buildSettings = {
				ASSETCATALOG_COMPILER_APPICON_NAME = AppIcon;
				ASSETCATALOG_COMPILER_GLOBAL_ACCENT_COLOR_NAME = AccentColor;
				CODE_SIGN_STYLE = Automatic;
				CURRENT_PROJECT_VERSION = 1;
				DEVELOPMENT_ASSET_PATHS = "\"MemoryLeak-investigation/Preview Content\"";
				DEVELOPMENT_TEAM = SUEQ2SZ2L5;
				ENABLE_PREVIEWS = YES;
				GENERATE_INFOPLIST_FILE = YES;
				INFOPLIST_KEY_NSCameraUsageDescription = TEST;
				INFOPLIST_KEY_NSMicrophoneUsageDescription = TEST;
				INFOPLIST_KEY_UIApplicationSceneManifest_Generation = YES;
				INFOPLIST_KEY_UIApplicationSupportsIndirectInputEvents = YES;
				INFOPLIST_KEY_UILaunchScreen_Generation = YES;
				INFOPLIST_KEY_UISupportedInterfaceOrientations_iPad = "UIInterfaceOrientationPortrait UIInterfaceOrientationPortraitUpsideDown UIInterfaceOrientationLandscapeLeft UIInterfaceOrientationLandscapeRight";
				INFOPLIST_KEY_UISupportedInterfaceOrientations_iPhone = "UIInterfaceOrientationPortrait UIInterfaceOrientationLandscapeLeft UIInterfaceOrientationLandscapeRight";
				IPHONEOS_DEPLOYMENT_TARGET = 16.0;
				LD_RUNPATH_SEARCH_PATHS = (
					"$(inherited)",
					"@executable_path/Frameworks",
				);
				MARKETING_VERSION = 1.0;
				PRODUCT_BUNDLE_IDENTIFIER = "com.haishinkit.MemoryLeak-investigation";
				PRODUCT_NAME = "$(TARGET_NAME)";
				SWIFT_EMIT_LOC_STRINGS = YES;
				SWIFT_VERSION = 5.0;
				TARGETED_DEVICE_FAMILY = "1,2";
			};
			name = Release;
		};
/* End XCBuildConfiguration section */

/* Begin XCConfigurationList section */
		BC3D594C2C53B9B8006808DE /* Build configuration list for PBXProject "MemoryLeak-investigation" */ = {
			isa = XCConfigurationList;
			buildConfigurations = (
				BC3D595D2C53B9BB006808DE /* Debug */,
				BC3D595E2C53B9BB006808DE /* Release */,
			);
			defaultConfigurationIsVisible = 0;
			defaultConfigurationName = Release;
		};
		BC3D595F2C53B9BB006808DE /* Build configuration list for PBXNativeTarget "MemoryLeak-investigation" */ = {
			isa = XCConfigurationList;
			buildConfigurations = (
				BC3D59602C53B9BB006808DE /* Debug */,
				BC3D59612C53B9BB006808DE /* Release */,
			);
			defaultConfigurationIsVisible = 0;
			defaultConfigurationName = Release;
		};
/* End XCConfigurationList section */

/* Begin XCRemoteSwiftPackageReference section */
		BCAE30EB2C53BC5D00EDDE3B /* XCRemoteSwiftPackageReference "HaishinKit" */ = {
			isa = XCRemoteSwiftPackageReference;
			repositoryURL = "https://github.com/shogo4405/HaishinKit.swift";
			requirement = {
				kind = upToNextMajorVersion;
				minimumVersion = 1.9.2;
			};
		};
/* End XCRemoteSwiftPackageReference section */

/* Begin XCSwiftPackageProductDependency section */
		BCAE30EC2C53BC5D00EDDE3B /* HaishinKit */ = {
			isa = XCSwiftPackageProductDependency;
			package = BCAE30EB2C53BC5D00EDDE3B /* XCRemoteSwiftPackageReference "HaishinKit" */;
			productName = HaishinKit;
		};
		BCAE30EE2C53BC5D00EDDE3B /* SRTHaishinKit */ = {
			isa = XCSwiftPackageProductDependency;
			package = BCAE30EB2C53BC5D00EDDE3B /* XCRemoteSwiftPackageReference "HaishinKit" */;
			productName = SRTHaishinKit;
		};
/* End XCSwiftPackageProductDependency section */
	};
	rootObject = BC3D59492C53B9B8006808DE /* Project object */;
}
